# This file is automatically @generated by Cargo.
# It is not intended for manual editing.
version = 4

[[package]]
name = "hashring"
version = "0.3.6"
source = "registry+https://github.com/rust-lang/crates.io-index"
checksum = "43bfd649ac5e0f82ae98d547450f1d31af49742be255b5380c61fc8513b9df11"
dependencies = [
 "siphasher",
]

[[package]]
name = "hashring_coordinator"
version = "0.1.0"
dependencies = [
 "hashring",
]

[[package]]
name = "siphasher"
version = "0.3.11"
source = "registry+https://github.com/rust-lang/crates.io-index"
checksum = "38b58827f4464d87d377d175e90bf58eb00fd8716ff0a62f80356b5e61555d0d"
